
Microsoft Visual Studio Solution File, Format Version 12.00
# Visual Studio 2012
Project("{FAE04EC0-301F-11D3-BF4B-00C04F79EFBC}") = "CONSOLEpoczta", "CONSOLEpoczta\CONSOLEpoczta.csproj", "{C043EAB8-73F5-4990-8997-328251263B80}"
EndProject
Global
	GlobalSection(SolutionConfigurationPlatforms) = preSolution
		Debug|Any CPU = Debug|Any CPU
		Release|Any CPU = Release|Any CPU
	EndGlobalSection
	GlobalSection(ProjectConfigurationPlatforms) = postSolution
		{C043EAB8-73F5-4990-8997-328251263B80}.Debug|Any CPU.ActiveCfg = Debug|Any CPU
		{C043EAB8-73F5-4990-8997-328251263B80}.Debug|Any CPU.Build.0 = Debug|Any CPU
		{C043EAB8-73F5-4990-8997-328251263B80}.Release|Any CPU.ActiveCfg = Release|Any CPU
		{C043EAB8-73F5-4990-8997-328251263B80}.Release|Any CPU.Build.0 = Release|Any CPU
	EndGlobalSection
	GlobalSection(SolutionProperties) = preSolution
		HideSolutionNode = FALSE
	EndGlobalSection
EndGlobal
